
Microsoft Visual Studio Solution File, Format Version 12.00
# Visual Studio Version 16
VisualStudioVersion = 16.0.29728.190
MinimumVisualStudioVersion = 10.0.40219.1
Project("{FAE04EC0-301F-11D3-BF4B-00C04F79EFBC}") = "BezierConvexHull", "BezierConvexHull\BezierConvexHull.csproj", "{DECB6FF4-4C1D-444D-A669-F76974D53D02}"
EndProject
Project("{FAE04EC0-301F-11D3-BF4B-00C04F79EFBC}") = "BezierConvexHullTests", "BezierConvexHullTests\BezierConvexHullTests.csproj", "{DBA51B5F-78E1-47F4-92B3-F61C1FA5DF74}"
EndProject
Global
	GlobalSection(SolutionConfigurationPlatforms) = preSolution
		Debug|Any CPU = Debug|Any CPU
		Release|Any CPU = Release|Any CPU
	EndGlobalSection
	GlobalSection(ProjectConfigurationPlatforms) = postSolution
		{DECB6FF4-4C1D-444D-A669-F76974D53D02}.Debug|Any CPU.ActiveCfg = Debug|Any CPU
		{DECB6FF4-4C1D-444D-A669-F76974D53D02}.Debug|Any CPU.Build.0 = Debug|Any CPU
		{DECB6FF4-4C1D-444D-A669-F76974D53D02}.Release|Any CPU.ActiveCfg = Release|Any CPU
		{DECB6FF4-4C1D-444D-A669-F76974D53D02}.Release|Any CPU.Build.0 = Release|Any CPU
		{DBA51B5F-78E1-47F4-92B3-F61C1FA5DF74}.Debug|Any CPU.ActiveCfg = Debug|Any CPU
		{DBA51B5F-78E1-47F4-92B3-F61C1FA5DF74}.Debug|Any CPU.Build.0 = Debug|Any CPU
		{DBA51B5F-78E1-47F4-92B3-F61C1FA5DF74}.Release|Any CPU.ActiveCfg = Release|Any CPU
		{DBA51B5F-78E1-47F4-92B3-F61C1FA5DF74}.Release|Any CPU.Build.0 = Release|Any CPU
	EndGlobalSection
	GlobalSection(SolutionProperties) = preSolution
		HideSolutionNode = FALSE
	EndGlobalSection
	GlobalSection(ExtensibilityGlobals) = postSolution
		SolutionGuid = {22773CE1-AECD-4887-9C9B-15E00BE1D538}
	EndGlobalSection
EndGlobal
